{
    "_readme": [
        "This file locks the dependencies of your project to a known state",
        "Read more about it at https://getcomposer.org/doc/01-basic-usage.md#composer-lock-the-lock-file",
        "This file is @generated automatically"
    ],
    "content-hash": "ce96fc0c14c2db3c34aec6674a9089ae",
    "packages": [
        {
            "name": "rafaelnajera/matcher",
            "version": "0.4.1",
            "source": {
                "type": "git",
                "url": "https://github.com/rafaelnajera/matcher.git",
                "reference": "fee30ba170ce33b2bf2c9256b1a7fa6ca4b54143"
            },
            "dist": {
                "type": "zip",
                "url": "https://api.github.com/repos/rafaelnajera/matcher/zipball/fee30ba170ce33b2bf2c9256b1a7fa6ca4b54143",
                "reference": "fee30ba170ce33b2bf2c9256b1a7fa6ca4b54143",
                "shasum": ""
            },
            "require": {
                "php": ">=7.0"
            },
            "type": "library",
            "autoload": {
                "psr-4": {
                    "Matcher\\": "Matcher"
                }
            },
            "notification-url": "https://packagist.org/downloads/",
            "license": [
                "MIT"
            ],
            "authors": [
                {
                    "name": "Rafael Nájera",
                    "email": "rafael@najera.ca",
                    "homepage": "http://rafaelnajera.com"
                }
            ],
            "description": "A regexp-like matcher for bespoke tokens.",
            "homepage": "http://rafaelnajera.com/matcher",
            "keywords": [
                "regexp"
            ],
            "time": "2017-02-19T11:43:38+00:00"
        }
    ],
    "packages-dev": [],
    "aliases": [],
    "minimum-stability": "stable",
    "stability-flags": [],
    "prefer-stable": false,
    "prefer-lowest": false,
    "platform": [],
    "platform-dev": []
}
